
Microsoft Visual Studio Solution File, Format Version 12.00
# Visual Studio Version 17
VisualStudioVersion = 17.1.32228.430
MinimumVisualStudioVersion = 10.0.40219.1
Project("{8BC9CEB8-8B4A-11D0-8D11-00A0C91BC942}") = "Arrays", "Solution'Arrays'\Solution'Arrays'.vcxproj", "{1C25F275-15D9-4A25-9F7F-8A20472B7698}"
EndProject
Project("{8BC9CEB8-8B4A-11D0-8D11-00A0C91BC942}") = "Shift", "Shift\Shift.vcxproj", "{F008D104-EE95-43CA-8531-49E4E152CFBA}"
EndProject
Project("{8BC9CEB8-8B4A-11D0-8D11-00A0C91BC942}") = "Numerics", "Numerics\Numerics.vcxproj", "{FD0D71AC-B895-45B8-8B3B-14E5C6A6CC4B}"
EndProject
Project("{8BC9CEB8-8B4A-11D0-8D11-00A0C91BC942}") = "Sort", "Sort\Sort.vcxproj", "{88CD94BA-611E-4FEE-93C9-1D6D689CE9B6}"
EndProject
Project("{8BC9CEB8-8B4A-11D0-8D11-00A0C91BC942}") = "Dublicea", "Dublicea\Dublicea.vcxproj", "{59107301-6D42-4849-A394-B628346C9EB6}"
EndProject
Project("{8BC9CEB8-8B4A-11D0-8D11-00A0C91BC942}") = "UniqueRand", "UniqueRand\UniqueRand.vcxproj", "{3F042AFC-C0BD-4BC1-9430-755ECF322542}"
EndProject
Project("{8BC9CEB8-8B4A-11D0-8D11-00A0C91BC942}") = "Matrix", "Matrix\Matrix.vcxproj", "{61CAA4E3-0866-419F-96D1-1B3BEC613BC6}"
EndProject
Project("{8BC9CEB8-8B4A-11D0-8D11-00A0C91BC942}") = "Deteminant", "Deteminant\Deteminant.vcxproj", "{49F877C0-164F-4AB9-985D-C8C7152A36E1}"
EndProject
Global
	GlobalSection(SolutionConfigurationPlatforms) = preSolution
		Debug|x64 = Debug|x64
		Debug|x86 = Debug|x86
		Release|x64 = Release|x64
		Release|x86 = Release|x86
	EndGlobalSection
	GlobalSection(ProjectConfigurationPlatforms) = postSolution
		{1C25F275-15D9-4A25-9F7F-8A20472B7698}.Debug|x64.ActiveCfg = Debug|x64
		{1C25F275-15D9-4A25-9F7F-8A20472B7698}.Debug|x64.Build.0 = Debug|x64
		{1C25F275-15D9-4A25-9F7F-8A20472B7698}.Debug|x86.ActiveCfg = Debug|Win32
		{1C25F275-15D9-4A25-9F7F-8A20472B7698}.Debug|x86.Build.0 = Debug|Win32
		{1C25F275-15D9-4A25-9F7F-8A20472B7698}.Release|x64.ActiveCfg = Release|x64
		{1C25F275-15D9-4A25-9F7F-8A20472B7698}.Release|x64.Build.0 = Release|x64
		{1C25F275-15D9-4A25-9F7F-8A20472B7698}.Release|x86.ActiveCfg = Release|Win32
		{1C25F275-15D9-4A25-9F7F-8A20472B7698}.Release|x86.Build.0 = Release|Win32
		{F008D104-EE95-43CA-8531-49E4E152CFBA}.Debug|x64.ActiveCfg = Debug|x64
		{F008D104-EE95-43CA-8531-49E4E152CFBA}.Debug|x64.Build.0 = Debug|x64
		{F008D104-EE95-43CA-8531-49E4E152CFBA}.Debug|x86.ActiveCfg = Debug|Win32
		{F008D104-EE95-43CA-8531-49E4E152CFBA}.Debug|x86.Build.0 = Debug|Win32
		{F008D104-EE95-43CA-8531-49E4E152CFBA}.Release|x64.ActiveCfg = Release|x64
		{F008D104-EE95-43CA-8531-49E4E152CFBA}.Release|x64.Build.0 = Release|x64
		{F008D104-EE95-43CA-8531-49E4E152CFBA}.Release|x86.ActiveCfg = Release|Win32
		{F008D104-EE95-43CA-8531-49E4E152CFBA}.Release|x86.Build.0 = Release|Win32
		{FD0D71AC-B895-45B8-8B3B-14E5C6A6CC4B}.Debug|x64.ActiveCfg = Debug|x64
		{FD0D71AC-B895-45B8-8B3B-14E5C6A6CC4B}.Debug|x64.Build.0 = Debug|x64
		{FD0D71AC-B895-45B8-8B3B-14E5C6A6CC4B}.Debug|x86.ActiveCfg = Debug|Win32
		{FD0D71AC-B895-45B8-8B3B-14E5C6A6CC4B}.Debug|x86.Build.0 = Debug|Win32
		{FD0D71AC-B895-45B8-8B3B-14E5C6A6CC4B}.Release|x64.ActiveCfg = Release|x64
		{FD0D71AC-B895-45B8-8B3B-14E5C6A6CC4B}.Release|x64.Build.0 = Release|x64
		{FD0D71AC-B895-45B8-8B3B-14E5C6A6CC4B}.Release|x86.ActiveCfg = Release|Win32
		{FD0D71AC-B895-45B8-8B3B-14E5C6A6CC4B}.Release|x86.Build.0 = Release|Win32
		{88CD94BA-611E-4FEE-93C9-1D6D689CE9B6}.Debug|x64.ActiveCfg = Debug|x64
		{88CD94BA-611E-4FEE-93C9-1D6D689CE9B6}.Debug|x64.Build.0 = Debug|x64
		{88CD94BA-611E-4FEE-93C9-1D6D689CE9B6}.Debug|x86.ActiveCfg = Debug|Win32
		{88CD94BA-611E-4FEE-93C9-1D6D689CE9B6}.Debug|x86.Build.0 = Debug|Win32
		{88CD94BA-611E-4FEE-93C9-1D6D689CE9B6}.Release|x64.ActiveCfg = Release|x64
		{88CD94BA-611E-4FEE-93C9-1D6D689CE9B6}.Release|x64.Build.0 = Release|x64
		{88CD94BA-611E-4FEE-93C9-1D6D689CE9B6}.Release|x86.ActiveCfg = Release|Win32
		{88CD94BA-611E-4FEE-93C9-1D6D689CE9B6}.Release|x86.Build.0 = Release|Win32
		{59107301-6D42-4849-A394-B628346C9EB6}.Debug|x64.ActiveCfg = Debug|x64
		{59107301-6D42-4849-A394-B628346C9EB6}.Debug|x64.Build.0 = Debug|x64
		{59107301-6D42-4849-A394-B628346C9EB6}.Debug|x86.ActiveCfg = Debug|Win32
		{59107301-6D42-4849-A394-B628346C9EB6}.Debug|x86.Build.0 = Debug|Win32
		{59107301-6D42-4849-A394-B628346C9EB6}.Release|x64.ActiveCfg = Release|x64
		{59107301-6D42-4849-A394-B628346C9EB6}.Release|x64.Build.0 = Release|x64
		{59107301-6D42-4849-A394-B628346C9EB6}.Release|x86.ActiveCfg = Release|Win32
		{59107301-6D42-4849-A394-B628346C9EB6}.Release|x86.Build.0 = Release|Win32
		{3F042AFC-C0BD-4BC1-9430-755ECF322542}.Debug|x64.ActiveCfg = Debug|x64
		{3F042AFC-C0BD-4BC1-9430-755ECF322542}.Debug|x64.Build.0 = Debug|x64
		{3F042AFC-C0BD-4BC1-9430-755ECF322542}.Debug|x86.ActiveCfg = Debug|Win32
		{3F042AFC-C0BD-4BC1-9430-755ECF322542}.Debug|x86.Build.0 = Debug|Win32
		{3F042AFC-C0BD-4BC1-9430-755ECF322542}.Release|x64.ActiveCfg = Release|x64
		{3F042AFC-C0BD-4BC1-9430-755ECF322542}.Release|x64.Build.0 = Release|x64
		{3F042AFC-C0BD-4BC1-9430-755ECF322542}.Release|x86.ActiveCfg = Release|Win32
		{3F042AFC-C0BD-4BC1-9430-755ECF322542}.Release|x86.Build.0 = Release|Win32
		{61CAA4E3-0866-419F-96D1-1B3BEC613BC6}.Debug|x64.ActiveCfg = Debug|x64
		{61CAA4E3-0866-419F-96D1-1B3BEC613BC6}.Debug|x64.Build.0 = Debug|x64
		{61CAA4E3-0866-419F-96D1-1B3BEC613BC6}.Debug|x86.ActiveCfg = Debug|Win32
		{61CAA4E3-0866-419F-96D1-1B3BEC613BC6}.Debug|x86.Build.0 = Debug|Win32
		{61CAA4E3-0866-419F-96D1-1B3BEC613BC6}.Release|x64.ActiveCfg = Release|x64
		{61CAA4E3-0866-419F-96D1-1B3BEC613BC6}.Release|x64.Build.0 = Release|x64
		{61CAA4E3-0866-419F-96D1-1B3BEC613BC6}.Release|x86.ActiveCfg = Release|Win32
		{61CAA4E3-0866-419F-96D1-1B3BEC613BC6}.Release|x86.Build.0 = Release|Win32
		{49F877C0-164F-4AB9-985D-C8C7152A36E1}.Debug|x64.ActiveCfg = Debug|x64
		{49F877C0-164F-4AB9-985D-C8C7152A36E1}.Debug|x64.Build.0 = Debug|x64
		{49F877C0-164F-4AB9-985D-C8C7152A36E1}.Debug|x86.ActiveCfg = Debug|Win32
		{49F877C0-164F-4AB9-985D-C8C7152A36E1}.Debug|x86.Build.0 = Debug|Win32
		{49F877C0-164F-4AB9-985D-C8C7152A36E1}.Release|x64.ActiveCfg = Release|x64
		{49F877C0-164F-4AB9-985D-C8C7152A36E1}.Release|x64.Build.0 = Release|x64
		{49F877C0-164F-4AB9-985D-C8C7152A36E1}.Release|x86.ActiveCfg = Release|Win32
		{49F877C0-164F-4AB9-985D-C8C7152A36E1}.Release|x86.Build.0 = Release|Win32
	EndGlobalSection
	GlobalSection(SolutionProperties) = preSolution
		HideSolutionNode = FALSE
	EndGlobalSection
	GlobalSection(ExtensibilityGlobals) = postSolution
		SolutionGuid = {A0107772-A238-4820-92F5-CF6EE3E48883}
	EndGlobalSection
EndGlobal
